
Microsoft Visual Studio Solution File, Format Version 12.00
# Visual Studio Version 17
VisualStudioVersion = 17.7.34221.43
MinimumVisualStudioVersion = 10.0.40219.1
Project("{8BC9CEB8-8B4A-11D0-8D11-00A0C91BC942}") = "Tests", "Tests.vcxproj", "{E2CE67A8-6C19-4C5E-8128-57171C5C98CF}"
EndProject
Global
	GlobalSection(SolutionConfigurationPlatforms) = preSolution
		Debug|x64 = Debug|x64
		Debug|x86 = Debug|x86
		Release|x64 = Release|x64
		Release|x86 = Release|x86
	EndGlobalSection
	GlobalSection(ProjectConfigurationPlatforms) = postSolution
		{E2CE67A8-6C19-4C5E-8128-57171C5C98CF}.Debug|x64.ActiveCfg = Debug|x64
		{E2CE67A8-6C19-4C5E-8128-57171C5C98CF}.Debug|x64.Build.0 = Debug|x64
		{E2CE67A8-6C19-4C5E-8128-57171C5C98CF}.Debug|x86.ActiveCfg = Debug|Win32
		{E2CE67A8-6C19-4C5E-8128-57171C5C98CF}.Debug|x86.Build.0 = Debug|Win32
		{E2CE67A8-6C19-4C5E-8128-57171C5C98CF}.Release|x64.ActiveCfg = Release|x64
		{E2CE67A8-6C19-4C5E-8128-57171C5C98CF}.Release|x64.Build.0 = Release|x64
		{E2CE67A8-6C19-4C5E-8128-57171C5C98CF}.Release|x86.ActiveCfg = Release|Win32
		{E2CE67A8-6C19-4C5E-8128-57171C5C98CF}.Release|x86.Build.0 = Release|Win32
	EndGlobalSection
	GlobalSection(SolutionProperties) = preSolution
		HideSolutionNode = FALSE
	EndGlobalSection
	GlobalSection(ExtensibilityGlobals) = postSolution
		SolutionGuid = {6C3D2377-068F-4873-9C63-138B9680CB78}
	EndGlobalSection
EndGlobal
